
Microsoft Visual Studio Solution File, Format Version 12.00
Project("{FAE04EC0-301F-11D3-BF4B-00C04F79EFBC}") = "TodoList-Flowmodoro", "TodoList-Flowmodoro.csproj", "{961D1975-B200-417C-8997-EC4FD47E6DAF}"
EndProject
Global
	GlobalSection(SolutionConfigurationPlatforms) = preSolution
		Debug|Any CPU = Debug|Any CPU
		Release|Any CPU = Release|Any CPU
	EndGlobalSection
	GlobalSection(ProjectConfigurationPlatforms) = postSolution
		{961D1975-B200-417C-8997-EC4FD47E6DAF}.Debug|Any CPU.ActiveCfg = Debug|Any CPU
		{961D1975-B200-417C-8997-EC4FD47E6DAF}.Debug|Any CPU.Build.0 = Debug|Any CPU
		{961D1975-B200-417C-8997-EC4FD47E6DAF}.Release|Any CPU.ActiveCfg = Release|Any CPU
		{961D1975-B200-417C-8997-EC4FD47E6DAF}.Release|Any CPU.Build.0 = Release|Any CPU
	EndGlobalSection
EndGlobal
